{
  "version": 4,
  "terraform_version": "1.6.4",
  "serial": 36,
  "lineage": "b5c085b9-e8e7-016b-f429-ca96c6116adc",
  "outputs": {
    "elastic_ip": {
      "value": "158.160.126.171",
      "type": "string"
    },
    "grafana_ip_pub": {
      "value": "158.160.116.203",
      "type": "string"
    },
    "prometheus_ip_pub": {
      "value": "51.250.73.74",
      "type": "string"
    },
    "webserver1_ip_pub": {
      "value": "158.160.122.13",
      "type": "string"
    },
    "webserver2_ip_pub": {
      "value": "158.160.82.82",
      "type": "string"
    }
  },
  "resources": [
    {
      "mode": "managed",
      "type": "yandex_compute_instance",
      "name": "elast",
      "provider": "provider[\"registry.terraform.io/yandex-cloud/yandex\"]",
      "instances": [
        {
          "schema_version": 1,
          "attributes": {
            "allow_recreate": null,
            "allow_stopping_for_update": null,
            "boot_disk": [
              {
                "auto_delete": true,
                "device_name": "fhm2omievr79vrh0vnn2",
                "disk_id": "fhm2omievr79vrh0vnn2",
                "initialize_params": [
                  {
                    "block_size": 4096,
                    "description": "",
                    "image_id": "fd8ffhod48n84f4hnskb",
                    "name": "",
                    "size": 10,
                    "snapshot_id": "",
                    "type": "network-hdd"
                  }
                ],
                "mode": "READ_WRITE"
              }
            ],
            "created_at": "2023-11-20T08:53:42Z",
            "description": "",
            "filesystem": [],
            "folder_id": "b1g1pj39942k1kbi4668",
            "fqdn": "fhmeigq7b7fkmkghuj50.auto.internal",
            "gpu_cluster_id": "",
            "hostname": "",
            "id": "fhmeigq7b7fkmkghuj50",
            "labels": null,
            "local_disk": [],
            "metadata": {
              "user-data": "#cloud-config\nusers:\n - name: agvido\n   groups: sudo\n   shell: /bin/bash\n   sudo: ['ALL=(ALL) NOPASSWD:ALL']\n   ssh-authorized-keys:\n     - ssh-rsa AAAAB3NzaC1yc2EAAAADAQABAAABgQCjORlHQvtfhxxOTOABs9z4BTyIQgM8Z5VEoveE+D9PrB/ly58lEHGgTIWDfT9m8D6oG/JF64gHeKlCd7vF177Prokojz9i005Bwx5oECsB4QePya5lg0+BLQQ5KCkeJxLIEb9wn9Zaq8QIqXTQWzvBEY63Cnqr5JgyFldA4kGrPL+UQmaeXce4uNYH8CnvVRazvISGDFr5z5lHMDYmTwHAVyIxOGinyT+E+YjROMg8gpkkdnIkddIjBedO2IecXpR2G5+PrfHd1bwAhbxH1CkdDclCO/harGykGEXGCAdQQe/B4CHgJ1ojTBWjisSKlS7TbnM8iCJWXxsDkF2kSVyvYO7DqdbhqNvVkdWQazVn4m2iacJdhI4etBJbp6YyjeI37X1HGZ0ZPuq9Lomhywm7m7GlqwxVK/G7q5B5GUpF/N8B3nIBQP5Idr8FUttbaqWg8eXklxJbIRPRN6BQjJ/warj/ICRVAcQhQt0Ekhrjs42Nw8AAJULZ8BJT5ugDVMM= aquana\\zaytsev@SPB09"
            },
            "metadata_options": [
              {
                "aws_v1_http_endpoint": 1,
                "aws_v1_http_token": 2,
                "gce_http_endpoint": 1,
                "gce_http_token": 1
              }
            ],
            "name": "elast",
            "network_acceleration_type": "standard",
            "network_interface": [
              {
                "dns_record": [],
                "index": 0,
                "ip_address": "192.168.1.32",
                "ipv4": true,
                "ipv6": false,
                "ipv6_address": "",
                "ipv6_dns_record": [],
                "mac_address": "d0:0d:e9:43:47:59",
                "nat": true,
                "nat_dns_record": [],
                "nat_ip_address": "158.160.126.171",
                "nat_ip_version": "IPV4",
                "security_group_ids": [],
                "subnet_id": "e9b1el57r6hp0m3ljbgo"
              }
            ],
            "placement_policy": [
              {
                "host_affinity_rules": [],
                "placement_group_id": ""
              }
            ],
            "platform_id": "standard-v1",
            "resources": [
              {
                "core_fraction": 20,
                "cores": 2,
                "gpus": 0,
                "memory": 4
              }
            ],
            "scheduling_policy": [
              {
                "preemptible": false
              }
            ],
            "secondary_disk": [],
            "service_account_id": "",
            "status": "running",
            "timeouts": null,
            "zone": "ru-central1-a"
          },
          "sensitive_attributes": [],
          "private": "eyJlMmJmYjczMC1lY2FhLTExZTYtOGY4OC0zNDM2M2JjN2M0YzAiOnsiY3JlYXRlIjozMDAwMDAwMDAwMDAsImRlbGV0ZSI6MzAwMDAwMDAwMDAwLCJ1cGRhdGUiOjMwMDAwMDAwMDAwMH0sInNjaGVtYV92ZXJzaW9uIjoiMSJ9",
          "dependencies": [
            "yandex_vpc_network.network1",
            "yandex_vpc_subnet.subnet1"
          ]
        }
      ]
    },
    {
      "mode": "managed",
      "type": "yandex_compute_instance",
      "name": "grafana",
      "provider": "provider[\"registry.terraform.io/yandex-cloud/yandex\"]",
      "instances": [
        {
          "schema_version": 1,
          "attributes": {
            "allow_recreate": null,
            "allow_stopping_for_update": null,
            "boot_disk": [
              {
                "auto_delete": true,
                "device_name": "fhmg96icv0ocj0urtl0h",
                "disk_id": "fhmg96icv0ocj0urtl0h",
                "initialize_params": [
                  {
                    "block_size": 4096,
                    "description": "",
                    "image_id": "fd8ffhod48n84f4hnskb",
                    "name": "",
                    "size": 10,
                    "snapshot_id": "",
                    "type": "network-hdd"
                  }
                ],
                "mode": "READ_WRITE"
              }
            ],
            "created_at": "2023-11-20T08:53:42Z",
            "description": "",
            "filesystem": [],
            "folder_id": "b1g1pj39942k1kbi4668",
            "fqdn": "fhmdi6ruq4r9c6ahgbod.auto.internal",
            "gpu_cluster_id": "",
            "hostname": "",
            "id": "fhmdi6ruq4r9c6ahgbod",
            "labels": null,
            "local_disk": [],
            "metadata": {
              "user-data": "#cloud-config\nusers:\n - name: agvido\n   groups: sudo\n   shell: /bin/bash\n   sudo: ['ALL=(ALL) NOPASSWD:ALL']\n   ssh-authorized-keys:\n     - ssh-rsa AAAAB3NzaC1yc2EAAAADAQABAAABgQCjORlHQvtfhxxOTOABs9z4BTyIQgM8Z5VEoveE+D9PrB/ly58lEHGgTIWDfT9m8D6oG/JF64gHeKlCd7vF177Prokojz9i005Bwx5oECsB4QePya5lg0+BLQQ5KCkeJxLIEb9wn9Zaq8QIqXTQWzvBEY63Cnqr5JgyFldA4kGrPL+UQmaeXce4uNYH8CnvVRazvISGDFr5z5lHMDYmTwHAVyIxOGinyT+E+YjROMg8gpkkdnIkddIjBedO2IecXpR2G5+PrfHd1bwAhbxH1CkdDclCO/harGykGEXGCAdQQe/B4CHgJ1ojTBWjisSKlS7TbnM8iCJWXxsDkF2kSVyvYO7DqdbhqNvVkdWQazVn4m2iacJdhI4etBJbp6YyjeI37X1HGZ0ZPuq9Lomhywm7m7GlqwxVK/G7q5B5GUpF/N8B3nIBQP5Idr8FUttbaqWg8eXklxJbIRPRN6BQjJ/warj/ICRVAcQhQt0Ekhrjs42Nw8AAJULZ8BJT5ugDVMM= aquana\\zaytsev@SPB09"
            },
            "metadata_options": [
              {
                "aws_v1_http_endpoint": 1,
                "aws_v1_http_token": 2,
                "gce_http_endpoint": 1,
                "gce_http_token": 1
              }
            ],
            "name": "grafana",
            "network_acceleration_type": "standard",
            "network_interface": [
              {
                "dns_record": [],
                "index": 0,
                "ip_address": "192.168.1.25",
                "ipv4": true,
                "ipv6": false,
                "ipv6_address": "",
                "ipv6_dns_record": [],
                "mac_address": "d0:0d:d9:1b:7e:d1",
                "nat": true,
                "nat_dns_record": [],
                "nat_ip_address": "158.160.116.203",
                "nat_ip_version": "IPV4",
                "security_group_ids": [],
                "subnet_id": "e9b1el57r6hp0m3ljbgo"
              }
            ],
            "placement_policy": [
              {
                "host_affinity_rules": [],
                "placement_group_id": ""
              }
            ],
            "platform_id": "standard-v1",
            "resources": [
              {
                "core_fraction": 20,
                "cores": 2,
                "gpus": 0,
                "memory": 2
              }
            ],
            "scheduling_policy": [
              {
                "preemptible": false
              }
            ],
            "secondary_disk": [],
            "service_account_id": "",
            "status": "running",
            "timeouts": null,
            "zone": "ru-central1-a"
          },
          "sensitive_attributes": [],
          "private": "eyJlMmJmYjczMC1lY2FhLTExZTYtOGY4OC0zNDM2M2JjN2M0YzAiOnsiY3JlYXRlIjozMDAwMDAwMDAwMDAsImRlbGV0ZSI6MzAwMDAwMDAwMDAwLCJ1cGRhdGUiOjMwMDAwMDAwMDAwMH0sInNjaGVtYV92ZXJzaW9uIjoiMSJ9",
          "dependencies": [
            "yandex_vpc_network.network1",
            "yandex_vpc_subnet.subnet1"
          ]
        }
      ]
    },
    {
      "mode": "managed",
      "type": "yandex_compute_instance",
      "name": "kibana",
      "provider": "provider[\"registry.terraform.io/yandex-cloud/yandex\"]",
      "instances": [
        {
          "schema_version": 1,
          "attributes": {
            "allow_recreate": null,
            "allow_stopping_for_update": null,
            "boot_disk": [
              {
                "auto_delete": true,
                "device_name": "fhmchb5ic508621hl8fg",
                "disk_id": "fhmchb5ic508621hl8fg",
                "initialize_params": [
                  {
                    "block_size": 4096,
                    "description": "",
                    "image_id": "fd8ffhod48n84f4hnskb",
                    "name": "",
                    "size": 10,
                    "snapshot_id": "",
                    "type": "network-hdd"
                  }
                ],
                "mode": "READ_WRITE"
              }
            ],
            "created_at": "2023-11-20T08:53:43Z",
            "description": "",
            "filesystem": [],
            "folder_id": "b1g1pj39942k1kbi4668",
            "fqdn": "fhmuguitrojsi4rf1185.auto.internal",
            "gpu_cluster_id": "",
            "hostname": "",
            "id": "fhmuguitrojsi4rf1185",
            "labels": null,
            "local_disk": [],
            "metadata": {
              "user-data": "#cloud-config\nusers:\n - name: agvido\n   groups: sudo\n   shell: /bin/bash\n   sudo: ['ALL=(ALL) NOPASSWD:ALL']\n   ssh-authorized-keys:\n     - ssh-rsa AAAAB3NzaC1yc2EAAAADAQABAAABgQCjORlHQvtfhxxOTOABs9z4BTyIQgM8Z5VEoveE+D9PrB/ly58lEHGgTIWDfT9m8D6oG/JF64gHeKlCd7vF177Prokojz9i005Bwx5oECsB4QePya5lg0+BLQQ5KCkeJxLIEb9wn9Zaq8QIqXTQWzvBEY63Cnqr5JgyFldA4kGrPL+UQmaeXce4uNYH8CnvVRazvISGDFr5z5lHMDYmTwHAVyIxOGinyT+E+YjROMg8gpkkdnIkddIjBedO2IecXpR2G5+PrfHd1bwAhbxH1CkdDclCO/harGykGEXGCAdQQe/B4CHgJ1ojTBWjisSKlS7TbnM8iCJWXxsDkF2kSVyvYO7DqdbhqNvVkdWQazVn4m2iacJdhI4etBJbp6YyjeI37X1HGZ0ZPuq9Lomhywm7m7GlqwxVK/G7q5B5GUpF/N8B3nIBQP5Idr8FUttbaqWg8eXklxJbIRPRN6BQjJ/warj/ICRVAcQhQt0Ekhrjs42Nw8AAJULZ8BJT5ugDVMM= aquana\\zaytsev@SPB09"
            },
            "metadata_options": [
              {
                "aws_v1_http_endpoint": 1,
                "aws_v1_http_token": 2,
                "gce_http_endpoint": 1,
                "gce_http_token": 1
              }
            ],
            "name": "kibana",
            "network_acceleration_type": "standard",
            "network_interface": [
              {
                "dns_record": [],
                "index": 0,
                "ip_address": "192.168.1.36",
                "ipv4": true,
                "ipv6": false,
                "ipv6_address": "",
                "ipv6_dns_record": [],
                "mac_address": "d0:0d:1e:87:a5:dd",
                "nat": true,
                "nat_dns_record": [],
                "nat_ip_address": "158.160.115.219",
                "nat_ip_version": "IPV4",
                "security_group_ids": [],
                "subnet_id": "e9b1el57r6hp0m3ljbgo"
              }
            ],
            "placement_policy": [
              {
                "host_affinity_rules": [],
                "placement_group_id": ""
              }
            ],
            "platform_id": "standard-v1",
            "resources": [
              {
                "core_fraction": 20,
                "cores": 4,
                "gpus": 0,
                "memory": 8
              }
            ],
            "scheduling_policy": [
              {
                "preemptible": false
              }
            ],
            "secondary_disk": [],
            "service_account_id": "",
            "status": "running",
            "timeouts": null,
            "zone": "ru-central1-a"
          },
          "sensitive_attributes": [],
          "private": "eyJlMmJmYjczMC1lY2FhLTExZTYtOGY4OC0zNDM2M2JjN2M0YzAiOnsiY3JlYXRlIjozMDAwMDAwMDAwMDAsImRlbGV0ZSI6MzAwMDAwMDAwMDAwLCJ1cGRhdGUiOjMwMDAwMDAwMDAwMH0sInNjaGVtYV92ZXJzaW9uIjoiMSJ9",
          "dependencies": [
            "yandex_vpc_network.network1",
            "yandex_vpc_subnet.subnet1"
          ]
        }
      ]
    },
    {
      "mode": "managed",
      "type": "yandex_compute_instance",
      "name": "prometheus",
      "provider": "provider[\"registry.terraform.io/yandex-cloud/yandex\"]",
      "instances": [
        {
          "schema_version": 1,
          "attributes": {
            "allow_recreate": null,
            "allow_stopping_for_update": null,
            "boot_disk": [
              {
                "auto_delete": true,
                "device_name": "fhmet2nakme1ru1nvmh0",
                "disk_id": "fhmet2nakme1ru1nvmh0",
                "initialize_params": [
                  {
                    "block_size": 4096,
                    "description": "",
                    "image_id": "fd8ffhod48n84f4hnskb",
                    "name": "",
                    "size": 10,
                    "snapshot_id": "",
                    "type": "network-hdd"
                  }
                ],
                "mode": "READ_WRITE"
              }
            ],
            "created_at": "2023-11-20T08:53:43Z",
            "description": "",
            "filesystem": [],
            "folder_id": "b1g1pj39942k1kbi4668",
            "fqdn": "fhm3r6v1gm2uvlfrfm4g.auto.internal",
            "gpu_cluster_id": "",
            "hostname": "",
            "id": "fhm3r6v1gm2uvlfrfm4g",
            "labels": null,
            "local_disk": [],
            "metadata": {
              "user-data": "#cloud-config\nusers:\n - name: agvido\n   groups: sudo\n   shell: /bin/bash\n   sudo: ['ALL=(ALL) NOPASSWD:ALL']\n   ssh-authorized-keys:\n     - ssh-rsa AAAAB3NzaC1yc2EAAAADAQABAAABgQCjORlHQvtfhxxOTOABs9z4BTyIQgM8Z5VEoveE+D9PrB/ly58lEHGgTIWDfT9m8D6oG/JF64gHeKlCd7vF177Prokojz9i005Bwx5oECsB4QePya5lg0+BLQQ5KCkeJxLIEb9wn9Zaq8QIqXTQWzvBEY63Cnqr5JgyFldA4kGrPL+UQmaeXce4uNYH8CnvVRazvISGDFr5z5lHMDYmTwHAVyIxOGinyT+E+YjROMg8gpkkdnIkddIjBedO2IecXpR2G5+PrfHd1bwAhbxH1CkdDclCO/harGykGEXGCAdQQe/B4CHgJ1ojTBWjisSKlS7TbnM8iCJWXxsDkF2kSVyvYO7DqdbhqNvVkdWQazVn4m2iacJdhI4etBJbp6YyjeI37X1HGZ0ZPuq9Lomhywm7m7GlqwxVK/G7q5B5GUpF/N8B3nIBQP5Idr8FUttbaqWg8eXklxJbIRPRN6BQjJ/warj/ICRVAcQhQt0Ekhrjs42Nw8AAJULZ8BJT5ugDVMM= aquana\\zaytsev@SPB09"
            },
            "metadata_options": [
              {
                "aws_v1_http_endpoint": 1,
                "aws_v1_http_token": 2,
                "gce_http_endpoint": 1,
                "gce_http_token": 1
              }
            ],
            "name": "prometheus",
            "network_acceleration_type": "standard",
            "network_interface": [
              {
                "dns_record": [],
                "index": 0,
                "ip_address": "192.168.1.12",
                "ipv4": true,
                "ipv6": false,
                "ipv6_address": "",
                "ipv6_dns_record": [],
                "mac_address": "d0:0d:3d:9b:e1:85",
                "nat": true,
                "nat_dns_record": [],
                "nat_ip_address": "51.250.73.74",
                "nat_ip_version": "IPV4",
                "security_group_ids": [],
                "subnet_id": "e9b1el57r6hp0m3ljbgo"
              }
            ],
            "placement_policy": [
              {
                "host_affinity_rules": [],
                "placement_group_id": ""
              }
            ],
            "platform_id": "standard-v1",
            "resources": [
              {
                "core_fraction": 20,
                "cores": 2,
                "gpus": 0,
                "memory": 2
              }
            ],
            "scheduling_policy": [
              {
                "preemptible": false
              }
            ],
            "secondary_disk": [],
            "service_account_id": "",
            "status": "running",
            "timeouts": null,
            "zone": "ru-central1-a"
          },
          "sensitive_attributes": [],
          "private": "eyJlMmJmYjczMC1lY2FhLTExZTYtOGY4OC0zNDM2M2JjN2M0YzAiOnsiY3JlYXRlIjozMDAwMDAwMDAwMDAsImRlbGV0ZSI6MzAwMDAwMDAwMDAwLCJ1cGRhdGUiOjMwMDAwMDAwMDAwMH0sInNjaGVtYV92ZXJzaW9uIjoiMSJ9",
          "dependencies": [
            "yandex_vpc_network.network1",
            "yandex_vpc_subnet.subnet1"
          ]
        }
      ]
    },
    {
      "mode": "managed",
      "type": "yandex_compute_instance",
      "name": "webserver1",
      "provider": "provider[\"registry.terraform.io/yandex-cloud/yandex\"]",
      "instances": [
        {
          "schema_version": 1,
          "attributes": {
            "allow_recreate": null,
            "allow_stopping_for_update": null,
            "boot_disk": [
              {
                "auto_delete": true,
                "device_name": "fhm05ipeuv28e6t1a31t",
                "disk_id": "fhm05ipeuv28e6t1a31t",
                "initialize_params": [
                  {
                    "block_size": 4096,
                    "description": "",
                    "image_id": "fd8ffhod48n84f4hnskb",
                    "name": "",
                    "size": 10,
                    "snapshot_id": "",
                    "type": "network-hdd"
                  }
                ],
                "mode": "READ_WRITE"
              }
            ],
            "created_at": "2023-11-20T08:53:43Z",
            "description": "",
            "filesystem": [],
            "folder_id": "b1g1pj39942k1kbi4668",
            "fqdn": "fhmho1nbjibk42511pkl.auto.internal",
            "gpu_cluster_id": "",
            "hostname": "",
            "id": "fhmho1nbjibk42511pkl",
            "labels": null,
            "local_disk": [],
            "metadata": {
              "user-data": "#cloud-config\nusers:\n - name: agvido\n   groups: sudo\n   shell: /bin/bash\n   sudo: ['ALL=(ALL) NOPASSWD:ALL']\n   ssh-authorized-keys:\n     - ssh-rsa AAAAB3NzaC1yc2EAAAADAQABAAABgQCjORlHQvtfhxxOTOABs9z4BTyIQgM8Z5VEoveE+D9PrB/ly58lEHGgTIWDfT9m8D6oG/JF64gHeKlCd7vF177Prokojz9i005Bwx5oECsB4QePya5lg0+BLQQ5KCkeJxLIEb9wn9Zaq8QIqXTQWzvBEY63Cnqr5JgyFldA4kGrPL+UQmaeXce4uNYH8CnvVRazvISGDFr5z5lHMDYmTwHAVyIxOGinyT+E+YjROMg8gpkkdnIkddIjBedO2IecXpR2G5+PrfHd1bwAhbxH1CkdDclCO/harGykGEXGCAdQQe/B4CHgJ1ojTBWjisSKlS7TbnM8iCJWXxsDkF2kSVyvYO7DqdbhqNvVkdWQazVn4m2iacJdhI4etBJbp6YyjeI37X1HGZ0ZPuq9Lomhywm7m7GlqwxVK/G7q5B5GUpF/N8B3nIBQP5Idr8FUttbaqWg8eXklxJbIRPRN6BQjJ/warj/ICRVAcQhQt0Ekhrjs42Nw8AAJULZ8BJT5ugDVMM= aquana\\zaytsev@SPB09"
            },
            "metadata_options": [
              {
                "aws_v1_http_endpoint": 1,
                "aws_v1_http_token": 2,
                "gce_http_endpoint": 1,
                "gce_http_token": 1
              }
            ],
            "name": "webserver1",
            "network_acceleration_type": "standard",
            "network_interface": [
              {
                "dns_record": [],
                "index": 0,
                "ip_address": "192.168.1.5",
                "ipv4": true,
                "ipv6": false,
                "ipv6_address": "",
                "ipv6_dns_record": [],
                "mac_address": "d0:0d:11:c0:6e:b9",
                "nat": true,
                "nat_dns_record": [],
                "nat_ip_address": "158.160.122.13",
                "nat_ip_version": "IPV4",
                "security_group_ids": [],
                "subnet_id": "e9b1el57r6hp0m3ljbgo"
              }
            ],
            "placement_policy": [
              {
                "host_affinity_rules": [],
                "placement_group_id": ""
              }
            ],
            "platform_id": "standard-v1",
            "resources": [
              {
                "core_fraction": 20,
                "cores": 2,
                "gpus": 0,
                "memory": 2
              }
            ],
            "scheduling_policy": [
              {
                "preemptible": false
              }
            ],
            "secondary_disk": [],
            "service_account_id": "",
            "status": "running",
            "timeouts": null,
            "zone": "ru-central1-a"
          },
          "sensitive_attributes": [],
          "private": "eyJlMmJmYjczMC1lY2FhLTExZTYtOGY4OC0zNDM2M2JjN2M0YzAiOnsiY3JlYXRlIjozMDAwMDAwMDAwMDAsImRlbGV0ZSI6MzAwMDAwMDAwMDAwLCJ1cGRhdGUiOjMwMDAwMDAwMDAwMH0sInNjaGVtYV92ZXJzaW9uIjoiMSJ9",
          "dependencies": [
            "yandex_vpc_network.network1",
            "yandex_vpc_subnet.subnet1"
          ]
        }
      ]
    },
    {
      "mode": "managed",
      "type": "yandex_compute_instance",
      "name": "webserver2",
      "provider": "provider[\"registry.terraform.io/yandex-cloud/yandex\"]",
      "instances": [
        {
          "schema_version": 1,
          "attributes": {
            "allow_recreate": null,
            "allow_stopping_for_update": null,
            "boot_disk": [
              {
                "auto_delete": true,
                "device_name": "epdqks8tqo7m3jobvoaa",
                "disk_id": "epdqks8tqo7m3jobvoaa",
                "initialize_params": [
                  {
                    "block_size": 4096,
                    "description": "",
                    "image_id": "fd8ffhod48n84f4hnskb",
                    "name": "",
                    "size": 10,
                    "snapshot_id": "",
                    "type": "network-hdd"
                  }
                ],
                "mode": "READ_WRITE"
              }
            ],
            "created_at": "2023-11-20T08:53:42Z",
            "description": "",
            "filesystem": [],
            "folder_id": "b1g1pj39942k1kbi4668",
            "fqdn": "epdcudf784u1p44ghh4t.auto.internal",
            "gpu_cluster_id": "",
            "hostname": "",
            "id": "epdcudf784u1p44ghh4t",
            "labels": null,
            "local_disk": [],
            "metadata": {
              "user-data": "#cloud-config\nusers:\n - name: agvido\n   groups: sudo\n   shell: /bin/bash\n   sudo: ['ALL=(ALL) NOPASSWD:ALL']\n   ssh-authorized-keys:\n     - ssh-rsa AAAAB3NzaC1yc2EAAAADAQABAAABgQCjORlHQvtfhxxOTOABs9z4BTyIQgM8Z5VEoveE+D9PrB/ly58lEHGgTIWDfT9m8D6oG/JF64gHeKlCd7vF177Prokojz9i005Bwx5oECsB4QePya5lg0+BLQQ5KCkeJxLIEb9wn9Zaq8QIqXTQWzvBEY63Cnqr5JgyFldA4kGrPL+UQmaeXce4uNYH8CnvVRazvISGDFr5z5lHMDYmTwHAVyIxOGinyT+E+YjROMg8gpkkdnIkddIjBedO2IecXpR2G5+PrfHd1bwAhbxH1CkdDclCO/harGykGEXGCAdQQe/B4CHgJ1ojTBWjisSKlS7TbnM8iCJWXxsDkF2kSVyvYO7DqdbhqNvVkdWQazVn4m2iacJdhI4etBJbp6YyjeI37X1HGZ0ZPuq9Lomhywm7m7GlqwxVK/G7q5B5GUpF/N8B3nIBQP5Idr8FUttbaqWg8eXklxJbIRPRN6BQjJ/warj/ICRVAcQhQt0Ekhrjs42Nw8AAJULZ8BJT5ugDVMM= aquana\\zaytsev@SPB09"
            },
            "metadata_options": [
              {
                "aws_v1_http_endpoint": 1,
                "aws_v1_http_token": 2,
                "gce_http_endpoint": 1,
                "gce_http_token": 1
              }
            ],
            "name": "webserver2",
            "network_acceleration_type": "standard",
            "network_interface": [
              {
                "dns_record": [],
                "index": 0,
                "ip_address": "192.168.2.6",
                "ipv4": true,
                "ipv6": false,
                "ipv6_address": "",
                "ipv6_dns_record": [],
                "mac_address": "d0:0d:cf:35:e7:41",
                "nat": true,
                "nat_dns_record": [],
                "nat_ip_address": "158.160.82.82",
                "nat_ip_version": "IPV4",
                "security_group_ids": [],
                "subnet_id": "e2lcod596kme2lgakcpb"
              }
            ],
            "placement_policy": [
              {
                "host_affinity_rules": [],
                "placement_group_id": ""
              }
            ],
            "platform_id": "standard-v1",
            "resources": [
              {
                "core_fraction": 20,
                "cores": 2,
                "gpus": 0,
                "memory": 2
              }
            ],
            "scheduling_policy": [
              {
                "preemptible": false
              }
            ],
            "secondary_disk": [],
            "service_account_id": "",
            "status": "running",
            "timeouts": null,
            "zone": "ru-central1-b"
          },
          "sensitive_attributes": [],
          "private": "eyJlMmJmYjczMC1lY2FhLTExZTYtOGY4OC0zNDM2M2JjN2M0YzAiOnsiY3JlYXRlIjozMDAwMDAwMDAwMDAsImRlbGV0ZSI6MzAwMDAwMDAwMDAwLCJ1cGRhdGUiOjMwMDAwMDAwMDAwMH0sInNjaGVtYV92ZXJzaW9uIjoiMSJ9",
          "dependencies": [
            "yandex_vpc_network.network1",
            "yandex_vpc_subnet.subnet2"
          ]
        }
      ]
    },
    {
      "mode": "managed",
      "type": "yandex_lb_network_load_balancer",
      "name": "foo",
      "provider": "provider[\"registry.terraform.io/yandex-cloud/yandex\"]",
      "instances": [
        {
          "schema_version": 0,
          "attributes": {
            "attached_target_group": [
              {
                "healthcheck": [
                  {
                    "healthy_threshold": 2,
                    "http_options": [
                      {
                        "path": "/",
                        "port": 80
                      }
                    ],
                    "interval": 2,
                    "name": "http",
                    "tcp_options": [],
                    "timeout": 1,
                    "unhealthy_threshold": 2
                  }
                ],
                "target_group_id": "enp6aeiqbccca5kp258n"
              }
            ],
            "created_at": "2023-11-20T08:54:24Z",
            "deletion_protection": false,
            "description": "",
            "folder_id": "b1g1pj39942k1kbi4668",
            "id": "enparc042vjsb7mr572h",
            "labels": null,
            "listener": [
              {
                "external_address_spec": [
                  {
                    "address": "158.160.131.211",
                    "ip_version": "ipv4"
                  }
                ],
                "internal_address_spec": [],
                "name": "my-listener",
                "port": 80,
                "protocol": "tcp",
                "target_port": 80
              }
            ],
            "name": "my-network-load-balancer",
            "region_id": "ru-central1",
            "timeouts": null,
            "type": "external"
          },
          "sensitive_attributes": [],
          "private": "eyJlMmJmYjczMC1lY2FhLTExZTYtOGY4OC0zNDM2M2JjN2M0YzAiOnsiY3JlYXRlIjozMDAwMDAwMDAwMDAsImRlbGV0ZSI6MzAwMDAwMDAwMDAwLCJ1cGRhdGUiOjMwMDAwMDAwMDAwMH19",
          "dependencies": [
            "yandex_compute_instance.webserver1",
            "yandex_compute_instance.webserver2",
            "yandex_lb_target_group.targettesting",
            "yandex_vpc_network.network1",
            "yandex_vpc_subnet.subnet1",
            "yandex_vpc_subnet.subnet2"
          ]
        }
      ]
    },
    {
      "mode": "managed",
      "type": "yandex_lb_target_group",
      "name": "targettesting",
      "provider": "provider[\"registry.terraform.io/yandex-cloud/yandex\"]",
      "instances": [
        {
          "schema_version": 0,
          "attributes": {
            "created_at": "2023-11-20T08:54:23Z",
            "description": "",
            "folder_id": "b1g1pj39942k1kbi4668",
            "id": "enp6aeiqbccca5kp258n",
            "labels": null,
            "name": "targettesting",
            "region_id": "ru-central1",
            "target": [
              {
                "address": "192.168.1.5",
                "subnet_id": "e9b1el57r6hp0m3ljbgo"
              },
              {
                "address": "192.168.2.6",
                "subnet_id": "e2lcod596kme2lgakcpb"
              }
            ],
            "timeouts": null
          },
          "sensitive_attributes": [],
          "private": "eyJlMmJmYjczMC1lY2FhLTExZTYtOGY4OC0zNDM2M2JjN2M0YzAiOnsiY3JlYXRlIjozMDAwMDAwMDAwMDAsImRlbGV0ZSI6MzAwMDAwMDAwMDAwLCJ1cGRhdGUiOjMwMDAwMDAwMDAwMH19",
          "dependencies": [
            "yandex_compute_instance.webserver1",
            "yandex_compute_instance.webserver2",
            "yandex_vpc_network.network1",
            "yandex_vpc_subnet.subnet1",
            "yandex_vpc_subnet.subnet2"
          ]
        }
      ]
    },
    {
      "mode": "managed",
      "type": "yandex_vpc_network",
      "name": "network1",
      "provider": "provider[\"registry.terraform.io/yandex-cloud/yandex\"]",
      "instances": [
        {
          "schema_version": 0,
          "attributes": {
            "created_at": "2023-11-20T08:53:37Z",
            "default_security_group_id": "enpgcq1de7h7j8jh7emi",
            "description": "",
            "folder_id": "b1g1pj39942k1kbi4668",
            "id": "enp7fbni25htm7fik7a8",
            "labels": {},
            "name": "network1",
            "subnet_ids": [],
            "timeouts": null
          },
          "sensitive_attributes": [],
          "private": "eyJlMmJmYjczMC1lY2FhLTExZTYtOGY4OC0zNDM2M2JjN2M0YzAiOnsiY3JlYXRlIjo2MDAwMDAwMDAwMCwiZGVsZXRlIjo2MDAwMDAwMDAwMCwidXBkYXRlIjo2MDAwMDAwMDAwMH19"
        }
      ]
    },
    {
      "mode": "managed",
      "type": "yandex_vpc_subnet",
      "name": "subnet1",
      "provider": "provider[\"registry.terraform.io/yandex-cloud/yandex\"]",
      "instances": [
        {
          "schema_version": 0,
          "attributes": {
            "created_at": "2023-11-20T08:53:42Z",
            "description": "",
            "dhcp_options": [],
            "folder_id": "b1g1pj39942k1kbi4668",
            "id": "e9b1el57r6hp0m3ljbgo",
            "labels": {},
            "name": "subnet1",
            "network_id": "enp7fbni25htm7fik7a8",
            "route_table_id": "",
            "timeouts": null,
            "v4_cidr_blocks": [
              "192.168.1.0/24"
            ],
            "v6_cidr_blocks": [],
            "zone": "ru-central1-a"
          },
          "sensitive_attributes": [],
          "private": "eyJlMmJmYjczMC1lY2FhLTExZTYtOGY4OC0zNDM2M2JjN2M0YzAiOnsiY3JlYXRlIjoxODAwMDAwMDAwMDAsImRlbGV0ZSI6MTgwMDAwMDAwMDAwLCJ1cGRhdGUiOjE4MDAwMDAwMDAwMH19",
          "dependencies": [
            "yandex_vpc_network.network1"
          ]
        }
      ]
    },
    {
      "mode": "managed",
      "type": "yandex_vpc_subnet",
      "name": "subnet2",
      "provider": "provider[\"registry.terraform.io/yandex-cloud/yandex\"]",
      "instances": [
        {
          "schema_version": 0,
          "attributes": {
            "created_at": "2023-11-20T08:53:41Z",
            "description": "",
            "dhcp_options": [],
            "folder_id": "b1g1pj39942k1kbi4668",
            "id": "e2lcod596kme2lgakcpb",
            "labels": {},
            "name": "subnet2",
            "network_id": "enp7fbni25htm7fik7a8",
            "route_table_id": "",
            "timeouts": null,
            "v4_cidr_blocks": [
              "192.168.2.0/24"
            ],
            "v6_cidr_blocks": [],
            "zone": "ru-central1-b"
          },
          "sensitive_attributes": [],
          "private": "eyJlMmJmYjczMC1lY2FhLTExZTYtOGY4OC0zNDM2M2JjN2M0YzAiOnsiY3JlYXRlIjoxODAwMDAwMDAwMDAsImRlbGV0ZSI6MTgwMDAwMDAwMDAwLCJ1cGRhdGUiOjE4MDAwMDAwMDAwMH19",
          "dependencies": [
            "yandex_vpc_network.network1"
          ]
        }
      ]
    }
  ],
  "check_results": null
}
